// !$*UTF8*$!
{
	archiveVersion = 1;
	classes = {
	};
	objectVersion = 50;
	objects = {

/* Begin PBXBuildFile section */
		87484E0C21F1C613007F9E3A /* FetchFileLib.framework in Frameworks */ = {isa = PBXBuildFile; fileRef = 87484E0B21F1C613007F9E3A /* FetchFileLib.framework */; };
		87484E0D21F1C673007F9E3A /* FetchFileLib.framework in Frameworks */ = {isa = PBXBuildFile; fileRef = 87484E0B21F1C613007F9E3A /* FetchFileLib.framework */; };
		87484E0E21F1C673007F9E3A /* FetchFileLib.framework in Embed Frameworks */ = {isa = PBXBuildFile; fileRef = 87484E0B21F1C613007F9E3A /* FetchFileLib.framework */; settings = {ATTRIBUTES = (CodeSignOnCopy, RemoveHeadersOnCopy, ); }; };
		874B197D21EC5F8D004209D9 /* AppDelegate.swift in Sources */ = {isa = PBXBuildFile; fileRef = 874B197C21EC5F8D004209D9 /* AppDelegate.swift */; };
		874B197F21EC5F8D004209D9 /* ViewController.swift in Sources */ = {isa = PBXBuildFile; fileRef = 874B197E21EC5F8D004209D9 /* ViewController.swift */; };
		874B198221EC5F8D004209D9 /* Main.storyboard in Resources */ = {isa = PBXBuildFile; fileRef = 874B198021EC5F8D004209D9 /* Main.storyboard */; };
		874B198421EC5F91004209D9 /* Assets.xcassets in Resources */ = {isa = PBXBuildFile; fileRef = 874B198321EC5F91004209D9 /* Assets.xcassets */; };
		874B198721EC5F91004209D9 /* LaunchScreen.storyboard in Resources */ = {isa = PBXBuildFile; fileRef = 874B198521EC5F91004209D9 /* LaunchScreen.storyboard */; };
		874B199121EC9B9E004209D9 /* dataContainerTableViewCell.swift in Sources */ = {isa = PBXBuildFile; fileRef = 874B199021EC9B9E004209D9 /* dataContainerTableViewCell.swift */; };
		874B199321ECB1FA004209D9 /* x.png in Resources */ = {isa = PBXBuildFile; fileRef = 874B199221ECB1FA004209D9 /* x.png */; };
/* End PBXBuildFile section */

/* Begin PBXCopyFilesBuildPhase section */
		875B552B21F0871000CBC2F1 /* Embed Frameworks */ = {
			isa = PBXCopyFilesBuildPhase;
			buildActionMask = 2147483647;
			dstPath = "";
			dstSubfolderSpec = 10;
			files = (
				87484E0E21F1C673007F9E3A /* FetchFileLib.framework in Embed Frameworks */,
			);
			name = "Embed Frameworks";
			runOnlyForDeploymentPostprocessing = 0;
		};
/* End PBXCopyFilesBuildPhase section */

/* Begin PBXFileReference section */
		87484E0B21F1C613007F9E3A /* FetchFileLib.framework */ = {isa = PBXFileReference; lastKnownFileType = wrapper.framework; path = FetchFileLib.framework; sourceTree = "<group>"; };
		874B197921EC5F8D004209D9 /* pinImage.app */ = {isa = PBXFileReference; explicitFileType = wrapper.application; includeInIndex = 0; path = pinImage.app; sourceTree = BUILT_PRODUCTS_DIR; };
		874B197C21EC5F8D004209D9 /* AppDelegate.swift */ = {isa = PBXFileReference; lastKnownFileType = sourcecode.swift; path = AppDelegate.swift; sourceTree = "<group>"; };
		874B197E21EC5F8D004209D9 /* ViewController.swift */ = {isa = PBXFileReference; lastKnownFileType = sourcecode.swift; path = ViewController.swift; sourceTree = "<group>"; };
		874B198121EC5F8D004209D9 /* Base */ = {isa = PBXFileReference; lastKnownFileType = file.storyboard; name = Base; path = Base.lproj/Main.storyboard; sourceTree = "<group>"; };
		874B198321EC5F91004209D9 /* Assets.xcassets */ = {isa = PBXFileReference; lastKnownFileType = folder.assetcatalog; path = Assets.xcassets; sourceTree = "<group>"; };
		874B198621EC5F91004209D9 /* Base */ = {isa = PBXFileReference; lastKnownFileType = file.storyboard; name = Base; path = Base.lproj/LaunchScreen.storyboard; sourceTree = "<group>"; };
		874B198821EC5F91004209D9 /* Info.plist */ = {isa = PBXFileReference; lastKnownFileType = text.plist.xml; path = Info.plist; sourceTree = "<group>"; };
		874B199021EC9B9E004209D9 /* dataContainerTableViewCell.swift */ = {isa = PBXFileReference; lastKnownFileType = sourcecode.swift; path = dataContainerTableViewCell.swift; sourceTree = "<group>"; };
		874B199221ECB1FA004209D9 /* x.png */ = {isa = PBXFileReference; lastKnownFileType = image.png; path = x.png; sourceTree = "<group>"; };
/* End PBXFileReference section */

/* Begin PBXFrameworksBuildPhase section */
		874B197621EC5F8D004209D9 /* Frameworks */ = {
			isa = PBXFrameworksBuildPhase;
			buildActionMask = 2147483647;
			files = (
				87484E0C21F1C613007F9E3A /* FetchFileLib.framework in Frameworks */,
				87484E0D21F1C673007F9E3A /* FetchFileLib.framework in Frameworks */,
			);
			runOnlyForDeploymentPostprocessing = 0;
		};
/* End PBXFrameworksBuildPhase section */

/* Begin PBXGroup section */
		874B197021EC5F8C004209D9 = {
			isa = PBXGroup;
			children = (
				874B197B21EC5F8D004209D9 /* pinImage */,
				874B197A21EC5F8D004209D9 /* Products */,
				87484E0B21F1C613007F9E3A /* FetchFileLib.framework */,
			);
			sourceTree = "<group>";
		};
		874B197A21EC5F8D004209D9 /* Products */ = {
			isa = PBXGroup;
			children = (
				874B197921EC5F8D004209D9 /* pinImage.app */,
			);
			name = Products;
			sourceTree = "<group>";
		};
		874B197B21EC5F8D004209D9 /* pinImage */ = {
			isa = PBXGroup;
			children = (
				874B197C21EC5F8D004209D9 /* AppDelegate.swift */,
				874B197E21EC5F8D004209D9 /* ViewController.swift */,
				874B198021EC5F8D004209D9 /* Main.storyboard */,
				874B198321EC5F91004209D9 /* Assets.xcassets */,
				874B198521EC5F91004209D9 /* LaunchScreen.storyboard */,
				874B198821EC5F91004209D9 /* Info.plist */,
				874B199221ECB1FA004209D9 /* x.png */,
				874B199021EC9B9E004209D9 /* dataContainerTableViewCell.swift */,
			);
			path = pinImage;
			sourceTree = "<group>";
		};
/* End PBXGroup section */

/* Begin PBXNativeTarget section */
		874B197821EC5F8D004209D9 /* pinImage */ = {
			isa = PBXNativeTarget;
			buildConfigurationList = 874B198B21EC5F91004209D9 /* Build configuration list for PBXNativeTarget "pinImage" */;
			buildPhases = (
				874B197521EC5F8D004209D9 /* Sources */,
				874B197621EC5F8D004209D9 /* Frameworks */,
				874B197721EC5F8D004209D9 /* Resources */,
				875B552B21F0871000CBC2F1 /* Embed Frameworks */,
			);
			buildRules = (
			);
			dependencies = (
			);
			name = pinImage;
			productName = pinImage;
			productReference = 874B197921EC5F8D004209D9 /* pinImage.app */;
			productType = "com.apple.product-type.application";
		};
/* End PBXNativeTarget section */

/* Begin PBXProject section */
		874B197121EC5F8C004209D9 /* Project object */ = {
			isa = PBXProject;
			attributes = {
				LastSwiftUpdateCheck = 1000;
				LastUpgradeCheck = 1000;
				ORGANIZATIONNAME = Mindbowser;
				TargetAttributes = {
					874B197821EC5F8D004209D9 = {
						CreatedOnToolsVersion = 10.0;
					};
				};
			};
			buildConfigurationList = 874B197421EC5F8C004209D9 /* Build configuration list for PBXProject "pinImage" */;
			compatibilityVersion = "Xcode 9.3";
			developmentRegion = en;
			hasScannedForEncodings = 0;
			knownRegions = (
				en,
				Base,
			);
			mainGroup = 874B197021EC5F8C004209D9;
			productRefGroup = 874B197A21EC5F8D004209D9 /* Products */;
			projectDirPath = "";
			projectRoot = "";
			targets = (
				874B197821EC5F8D004209D9 /* pinImage */,
			);
		};
/* End PBXProject section */

/* Begin PBXResourcesBuildPhase section */
		874B197721EC5F8D004209D9 /* Resources */ = {
			isa = PBXResourcesBuildPhase;
			buildActionMask = 2147483647;
			files = (
				874B199321ECB1FA004209D9 /* x.png in Resources */,
				874B198721EC5F91004209D9 /* LaunchScreen.storyboard in Resources */,
				874B198421EC5F91004209D9 /* Assets.xcassets in Resources */,
				874B198221EC5F8D004209D9 /* Main.storyboard in Resources */,
			);
			runOnlyForDeploymentPostprocessing = 0;
		};
/* End PBXResourcesBuildPhase section */

/* Begin PBXSourcesBuildPhase section */
		874B197521EC5F8D004209D9 /* Sources */ = {
			isa = PBXSourcesBuildPhase;
			buildActionMask = 2147483647;
			files = (
				874B199121EC9B9E004209D9 /* dataContainerTableViewCell.swift in Sources */,
				874B197F21EC5F8D004209D9 /* ViewController.swift in Sources */,
				874B197D21EC5F8D004209D9 /* AppDelegate.swift in Sources */,
			);
			runOnlyForDeploymentPostprocessing = 0;
		};
/* End PBXSourcesBuildPhase section */

/* Begin PBXVariantGroup section */
		874B198021EC5F8D004209D9 /* Main.storyboard */ = {
			isa = PBXVariantGroup;
			children = (
				874B198121EC5F8D004209D9 /* Base */,
			);
			name = Main.storyboard;
			sourceTree = "<group>";
		};
		874B198521EC5F91004209D9 /* LaunchScreen.storyboard */ = {
			isa = PBXVariantGroup;
			children = (
				874B198621EC5F91004209D9 /* Base */,
			);
			name = LaunchScreen.storyboard;
			sourceTree = "<group>";
		};
/* End PBXVariantGroup section */

/* Begin XCBuildConfiguration section */
		874B198921EC5F91004209D9 /* Debug */ = {
			isa = XCBuildConfiguration;
			buildSettings = {
				ALWAYS_SEARCH_USER_PATHS = NO;
				CLANG_ANALYZER_NONNULL = YES;
				CLANG_ANALYZER_NUMBER_OBJECT_CONVERSION = YES_AGGRESSIVE;
				CLANG_CXX_LANGUAGE_STANDARD = "gnu++14";
				CLANG_CXX_LIBRARY = "libc++";
				CLANG_ENABLE_MODULES = YES;
				CLANG_ENABLE_OBJC_ARC = YES;
				CLANG_ENABLE_OBJC_WEAK = YES;
				CLANG_WARN_BLOCK_CAPTURE_AUTORELEASING = YES;
				CLANG_WARN_BOOL_CONVERSION = YES;
				CLANG_WARN_COMMA = YES;
				CLANG_WARN_CONSTANT_CONVERSION = YES;
				CLANG_WARN_DEPRECATED_OBJC_IMPLEMENTATIONS = YES;
				CLANG_WARN_DIRECT_OBJC_ISA_USAGE = YES_ERROR;
				CLANG_WARN_DOCUMENTATION_COMMENTS = YES;
				CLANG_WARN_EMPTY_BODY = YES;
				CLANG_WARN_ENUM_CONVERSION = YES;
				CLANG_WARN_INFINITE_RECURSION = YES;
				CLANG_WARN_INT_CONVERSION = YES;
				CLANG_WARN_NON_LITERAL_NULL_CONVERSION = YES;
				CLANG_WARN_OBJC_IMPLICIT_RETAIN_SELF = YES;
				CLANG_WARN_OBJC_LITERAL_CONVERSION = YES;
				CLANG_WARN_OBJC_ROOT_CLASS = YES_ERROR;
				CLANG_WARN_RANGE_LOOP_ANALYSIS = YES;
				CLANG_WARN_STRICT_PROTOTYPES = YES;
				CLANG_WARN_SUSPICIOUS_MOVE = YES;
				CLANG_WARN_UNGUARDED_AVAILABILITY = YES_AGGRESSIVE;
				CLANG_WARN_UNREACHABLE_CODE = YES;
				CLANG_WARN__DUPLICATE_METHOD_MATCH = YES;
				CODE_SIGN_IDENTITY = "iPhone Developer";
				COPY_PHASE_STRIP = NO;
				DEBUG_INFORMATION_FORMAT = dwarf;
				ENABLE_STRICT_OBJC_MSGSEND = YES;
				ENABLE_TESTABILITY = YES;
				GCC_C_LANGUAGE_STANDARD = gnu11;
				GCC_DYNAMIC_NO_PIC = NO;
				GCC_NO_COMMON_BLOCKS = YES;
				GCC_OPTIMIZATION_LEVEL = 0;
				GCC_PREPROCESSOR_DEFINITIONS = (
					"DEBUG=1",
					"$(inherited)",
				);
				GCC_WARN_64_TO_32_BIT_CONVERSION = YES;
				GCC_WARN_ABOUT_RETURN_TYPE = YES_ERROR;
				GCC_WARN_UNDECLARED_SELECTOR = YES;
				GCC_WARN_UNINITIALIZED_AUTOS = YES_AGGRESSIVE;
				GCC_WARN_UNUSED_FUNCTION = YES;
				GCC_WARN_UNUSED_VARIABLE = YES;
				IPHONEOS_DEPLOYMENT_TARGET = 12.0;
				MTL_ENABLE_DEBUG_INFO = INCLUDE_SOURCE;
				MTL_FAST_MATH = YES;
				ONLY_ACTIVE_ARCH = YES;
				SDKROOT = iphoneos;
				SWIFT_ACTIVE_COMPILATION_CONDITIONS = DEBUG;
				SWIFT_OPTIMIZATION_LEVEL = "-Onone";
			};
			name = Debug;
		};
		874B198A21EC5F91004209D9 /* Release */ = {
			isa = XCBuildConfiguration;
			buildSettings = {
				ALWAYS_SEARCH_USER_PATHS = NO;
				CLANG_ANALYZER_NONNULL = YES;
				CLANG_ANALYZER_NUMBER_OBJECT_CONVERSION = YES_AGGRESSIVE;
				CLANG_CXX_LANGUAGE_STANDARD = "gnu++14";
				CLANG_CXX_LIBRARY = "libc++";
				CLANG_ENABLE_MODULES = YES;
				CLANG_ENABLE_OBJC_ARC = YES;
				CLANG_ENABLE_OBJC_WEAK = YES;
				CLANG_WARN_BLOCK_CAPTURE_AUTORELEASING = YES;
				CLANG_WARN_BOOL_CONVERSION = YES;
				CLANG_WARN_COMMA = YES;
				CLANG_WARN_CONSTANT_CONVERSION = YES;
				CLANG_WARN_DEPRECATED_OBJC_IMPLEMENTATIONS = YES;
				CLANG_WARN_DIRECT_OBJC_ISA_USAGE = YES_ERROR;
				CLANG_WARN_DOCUMENTATION_COMMENTS = YES;
				CLANG_WARN_EMPTY_BODY = YES;
				CLANG_WARN_ENUM_CONVERSION = YES;
				CLANG_WARN_INFINITE_RECURSION = YES;
				CLANG_WARN_INT_CONVERSION = YES;
				CLANG_WARN_NON_LITERAL_NULL_CONVERSION = YES;
				CLANG_WARN_OBJC_IMPLICIT_RETAIN_SELF = YES;
				CLANG_WARN_OBJC_LITERAL_CONVERSION = YES;
				CLANG_WARN_OBJC_ROOT_CLASS = YES_ERROR;
				CLANG_WARN_RANGE_LOOP_ANALYSIS = YES;
				CLANG_WARN_STRICT_PROTOTYPES = YES;
				CLANG_WARN_SUSPICIOUS_MOVE = YES;
				CLANG_WARN_UNGUARDED_AVAILABILITY = YES_AGGRESSIVE;
				CLANG_WARN_UNREACHABLE_CODE = YES;
				CLANG_WARN__DUPLICATE_METHOD_MATCH = YES;
				CODE_SIGN_IDENTITY = "iPhone Developer";
				COPY_PHASE_STRIP = NO;
				DEBUG_INFORMATION_FORMAT = "dwarf-with-dsym";
				ENABLE_NS_ASSERTIONS = NO;
				ENABLE_STRICT_OBJC_MSGSEND = YES;
				GCC_C_LANGUAGE_STANDARD = gnu11;
				GCC_NO_COMMON_BLOCKS = YES;
				GCC_WARN_64_TO_32_BIT_CONVERSION = YES;
				GCC_WARN_ABOUT_RETURN_TYPE = YES_ERROR;
				GCC_WARN_UNDECLARED_SELECTOR = YES;
				GCC_WARN_UNINITIALIZED_AUTOS = YES_AGGRESSIVE;
				GCC_WARN_UNUSED_FUNCTION = YES;
				GCC_WARN_UNUSED_VARIABLE = YES;
				IPHONEOS_DEPLOYMENT_TARGET = 12.0;
				MTL_ENABLE_DEBUG_INFO = NO;
				MTL_FAST_MATH = YES;
				SDKROOT = iphoneos;
				SWIFT_COMPILATION_MODE = wholemodule;
				SWIFT_OPTIMIZATION_LEVEL = "-O";
				VALIDATE_PRODUCT = YES;
			};
			name = Release;
		};
		874B198C21EC5F91004209D9 /* Debug */ = {
			isa = XCBuildConfiguration;
			buildSettings = {
				ALWAYS_EMBED_SWIFT_STANDARD_LIBRARIES = YES;
				ASSETCATALOG_COMPILER_APPICON_NAME = AppIcon;
				CODE_SIGN_STYLE = Automatic;
				DEVELOPMENT_TEAM = 55QQP72PTY;
				FRAMEWORK_SEARCH_PATHS = (
					"$(inherited)",
					"$(PROJECT_DIR)",
					"$(PROJECT_DIR)/pinImage",
				);
				INFOPLIST_FILE = pinImage/Info.plist;
				IPHONEOS_DEPLOYMENT_TARGET = 10.3;
				LD_RUNPATH_SEARCH_PATHS = (
					"$(inherited)",
					"@executable_path/Frameworks",
				);
				PRODUCT_BUNDLE_IDENTIFIER = com.mindbowser.pinImage;
				PRODUCT_NAME = "$(TARGET_NAME)";
				SWIFT_VERSION = 4.2;
				TARGETED_DEVICE_FAMILY = "1,2";
			};
			name = Debug;
		};
		874B198D21EC5F91004209D9 /* Release */ = {
			isa = XCBuildConfiguration;
			buildSettings = {
				ALWAYS_EMBED_SWIFT_STANDARD_LIBRARIES = YES;
				ASSETCATALOG_COMPILER_APPICON_NAME = AppIcon;
				CODE_SIGN_STYLE = Automatic;
				DEVELOPMENT_TEAM = 55QQP72PTY;
				FRAMEWORK_SEARCH_PATHS = (
					"$(inherited)",
					"$(PROJECT_DIR)",
					"$(PROJECT_DIR)/pinImage",
				);
				INFOPLIST_FILE = pinImage/Info.plist;
				IPHONEOS_DEPLOYMENT_TARGET = 10.3;
				LD_RUNPATH_SEARCH_PATHS = (
					"$(inherited)",
					"@executable_path/Frameworks",
				);
				PRODUCT_BUNDLE_IDENTIFIER = com.mindbowser.pinImage;
				PRODUCT_NAME = "$(TARGET_NAME)";
				SWIFT_VERSION = 4.2;
				TARGETED_DEVICE_FAMILY = "1,2";
			};
			name = Release;
		};
/* End XCBuildConfiguration section */

/* Begin XCConfigurationList section */
		874B197421EC5F8C004209D9 /* Build configuration list for PBXProject "pinImage" */ = {
			isa = XCConfigurationList;
			buildConfigurations = (
				874B198921EC5F91004209D9 /* Debug */,
				874B198A21EC5F91004209D9 /* Release */,
			);
			defaultConfigurationIsVisible = 0;
			defaultConfigurationName = Release;
		};
		874B198B21EC5F91004209D9 /* Build configuration list for PBXNativeTarget "pinImage" */ = {
			isa = XCConfigurationList;
			buildConfigurations = (
				874B198C21EC5F91004209D9 /* Debug */,
				874B198D21EC5F91004209D9 /* Release */,
			);
			defaultConfigurationIsVisible = 0;
			defaultConfigurationName = Release;
		};
/* End XCConfigurationList section */
	};
	rootObject = 874B197121EC5F8C004209D9 /* Project object */;
}
